
Microsoft Visual Studio Solution File, Format Version 12.00
# Visual Studio Version 17
VisualStudioVersion = 17.0.32112.339
MinimumVisualStudioVersion = 10.0.40219.1
Project("{54A90642-561A-4BB1-A94E-469ADEE60C69}") = "OnlineSchool", "OnlineSchool\OnlineSchool.esproj", "{3238ABF7-4B18-46CF-B843-BA2728D036A5}"
EndProject
Project("{9A19103F-16F7-4668-BE54-9A1E7A4F7556}") = "OnlineSchoolData", "OnlineSchoolData\OnlineSchoolData.csproj", "{A1DBF47B-7031-454C-88E0-FF1F84DF697E}"
EndProject
Project("{9A19103F-16F7-4668-BE54-9A1E7A4F7556}") = "OnlineSchoolApi", "OnlineSchoolApi\OnlineSchoolApi.csproj", "{0E120D18-9F7F-4FB7-9FB1-F135EB4C9C98}"
EndProject
Project("{9A19103F-16F7-4668-BE54-9A1E7A4F7556}") = "OnlineSchoolBusinessLogic", "OnlineSchoolBusinessLogic\OnlineSchoolBusinessLogic.csproj", "{3ADC8243-F044-4FB3-9855-CBFF3B69B56E}"
EndProject
Global
	GlobalSection(SolutionConfigurationPlatforms) = preSolution
		Debug|Any CPU = Debug|Any CPU
		Release|Any CPU = Release|Any CPU
	EndGlobalSection
	GlobalSection(ProjectConfigurationPlatforms) = postSolution
		{3238ABF7-4B18-46CF-B843-BA2728D036A5}.Debug|Any CPU.ActiveCfg = Debug|Any CPU
		{3238ABF7-4B18-46CF-B843-BA2728D036A5}.Debug|Any CPU.Build.0 = Debug|Any CPU
		{3238ABF7-4B18-46CF-B843-BA2728D036A5}.Debug|Any CPU.Deploy.0 = Debug|Any CPU
		{3238ABF7-4B18-46CF-B843-BA2728D036A5}.Release|Any CPU.ActiveCfg = Release|Any CPU
		{3238ABF7-4B18-46CF-B843-BA2728D036A5}.Release|Any CPU.Build.0 = Release|Any CPU
		{3238ABF7-4B18-46CF-B843-BA2728D036A5}.Release|Any CPU.Deploy.0 = Release|Any CPU
		{A1DBF47B-7031-454C-88E0-FF1F84DF697E}.Debug|Any CPU.ActiveCfg = Debug|Any CPU
		{A1DBF47B-7031-454C-88E0-FF1F84DF697E}.Debug|Any CPU.Build.0 = Debug|Any CPU
		{A1DBF47B-7031-454C-88E0-FF1F84DF697E}.Release|Any CPU.ActiveCfg = Release|Any CPU
		{A1DBF47B-7031-454C-88E0-FF1F84DF697E}.Release|Any CPU.Build.0 = Release|Any CPU
		{0E120D18-9F7F-4FB7-9FB1-F135EB4C9C98}.Debug|Any CPU.ActiveCfg = Debug|Any CPU
		{0E120D18-9F7F-4FB7-9FB1-F135EB4C9C98}.Debug|Any CPU.Build.0 = Debug|Any CPU
		{0E120D18-9F7F-4FB7-9FB1-F135EB4C9C98}.Release|Any CPU.ActiveCfg = Release|Any CPU
		{0E120D18-9F7F-4FB7-9FB1-F135EB4C9C98}.Release|Any CPU.Build.0 = Release|Any CPU
		{3ADC8243-F044-4FB3-9855-CBFF3B69B56E}.Debug|Any CPU.ActiveCfg = Debug|Any CPU
		{3ADC8243-F044-4FB3-9855-CBFF3B69B56E}.Debug|Any CPU.Build.0 = Debug|Any CPU
		{3ADC8243-F044-4FB3-9855-CBFF3B69B56E}.Release|Any CPU.ActiveCfg = Release|Any CPU
		{3ADC8243-F044-4FB3-9855-CBFF3B69B56E}.Release|Any CPU.Build.0 = Release|Any CPU
	EndGlobalSection
	GlobalSection(SolutionProperties) = preSolution
		HideSolutionNode = FALSE
	EndGlobalSection
	GlobalSection(ExtensibilityGlobals) = postSolution
		SolutionGuid = {28A56765-EDF8-441C-9FCB-67F229DEF7AA}
	EndGlobalSection
EndGlobal
